// !$*UTF8*$!
{
	archiveVersion = 1;
	classes = {
	};
	objectVersion = 46;
	objects = {

/* Begin PBXBuildFile section */
		0E15012B1EABACCC00EA9B7A /* GestureRecognizer.swift in Sources */ = {isa = PBXBuildFile; fileRef = 0E1501251EABACCC00EA9B7A /* GestureRecognizer.swift */; };
		0E15012D1EABACCC00EA9B7A /* GestureDelegate.swift in Sources */ = {isa = PBXBuildFile; fileRef = 0E1501271EABACCC00EA9B7A /* GestureDelegate.swift */; };
		0E15012E1EABACCC00EA9B7A /* GestureManager.swift in Sources */ = {isa = PBXBuildFile; fileRef = 0E1501281EABACCC00EA9B7A /* GestureManager.swift */; };
		0E15012F1EABACCC00EA9B7A /* GestureState.swift in Sources */ = {isa = PBXBuildFile; fileRef = 0E1501291EABACCC00EA9B7A /* GestureState.swift */; };
		0E9684751EAB724E00AD52A1 /* AppDelegate.swift in Sources */ = {isa = PBXBuildFile; fileRef = 0E9684741EAB724E00AD52A1 /* AppDelegate.swift */; };
		0E96847A1EAB724E00AD52A1 /* Main.storyboard in Resources */ = {isa = PBXBuildFile; fileRef = 0E9684781EAB724E00AD52A1 /* Main.storyboard */; };
		0E96847C1EAB724E00AD52A1 /* Assets.xcassets in Resources */ = {isa = PBXBuildFile; fileRef = 0E96847B1EAB724E00AD52A1 /* Assets.xcassets */; };
		0E96847F1EAB724E00AD52A1 /* LaunchScreen.storyboard in Resources */ = {isa = PBXBuildFile; fileRef = 0E96847D1EAB724E00AD52A1 /* LaunchScreen.storyboard */; };
		0E9684871EAB733400AD52A1 /* MessageBroker.swift in Sources */ = {isa = PBXBuildFile; fileRef = 0E9684861EAB733400AD52A1 /* MessageBroker.swift */; };
		0E9684891EAB734200AD52A1 /* PebbleDeserializable.swift in Sources */ = {isa = PBXBuildFile; fileRef = 0E9684881EAB734200AD52A1 /* PebbleDeserializable.swift */; };
		0E96848C1EAB77D500AD52A1 /* AccelerometerData.swift in Sources */ = {isa = PBXBuildFile; fileRef = 0E96848B1EAB77D500AD52A1 /* AccelerometerData.swift */; };
		0EE8BF1D1EAC1FF90069683B /* Recipe.swift in Sources */ = {isa = PBXBuildFile; fileRef = 0EE8BF191EAC1FF90069683B /* Recipe.swift */; };
		0EE8BF1E1EAC1FF90069683B /* Step.swift in Sources */ = {isa = PBXBuildFile; fileRef = 0EE8BF1A1EAC1FF90069683B /* Step.swift */; };
		0EE8BF1F1EAC1FF90069683B /* ViewController.swift in Sources */ = {isa = PBXBuildFile; fileRef = 0EE8BF1B1EAC1FF90069683B /* ViewController.swift */; };
		0EE8BF201EAC1FF90069683B /* WatsonServices.swift in Sources */ = {isa = PBXBuildFile; fileRef = 0EE8BF1C1EAC1FF90069683B /* WatsonServices.swift */; };
		0EE8BF261EAC21BB0069683B /* Pulsator.framework in Frameworks */ = {isa = PBXBuildFile; fileRef = 0EE8BF221EAC21BB0069683B /* Pulsator.framework */; };
		0EE8BF271EAC21BB0069683B /* RestKit.framework in Frameworks */ = {isa = PBXBuildFile; fileRef = 0EE8BF231EAC21BB0069683B /* RestKit.framework */; };
		0EE8BF281EAC21BB0069683B /* SpeechToTextV1.framework in Frameworks */ = {isa = PBXBuildFile; fileRef = 0EE8BF241EAC21BB0069683B /* SpeechToTextV1.framework */; };
		0EE8BF291EAC21BB0069683B /* TextToSpeechV1.framework in Frameworks */ = {isa = PBXBuildFile; fileRef = 0EE8BF251EAC21BB0069683B /* TextToSpeechV1.framework */; };
		0EE8BF2C1EAC25670069683B /* PourGestureRecognizer.swift in Sources */ = {isa = PBXBuildFile; fileRef = 0EE8BF2B1EAC25670069683B /* PourGestureRecognizer.swift */; };
		0EE8BF2E1EAC258D0069683B /* AddIngredientGestureRecognizer.swift in Sources */ = {isa = PBXBuildFile; fileRef = 0EE8BF2D1EAC258D0069683B /* AddIngredientGestureRecognizer.swift */; };
		0EE8BF301EAC25BA0069683B /* StirringGestureRecognizer.swift in Sources */ = {isa = PBXBuildFile; fileRef = 0EE8BF2F1EAC25BA0069683B /* StirringGestureRecognizer.swift */; };
		AA8D15E20ED82DBDBDAEEDF4 /* Pods_Kooci.framework in Frameworks */ = {isa = PBXBuildFile; fileRef = 1DB25BED1512ABD29FC18604 /* Pods_Kooci.framework */; };
/* End PBXBuildFile section */

/* Begin PBXFileReference section */
		0E1501251EABACCC00EA9B7A /* GestureRecognizer.swift */ = {isa = PBXFileReference; fileEncoding = 4; lastKnownFileType = sourcecode.swift; path = GestureRecognizer.swift; sourceTree = "<group>"; };
		0E1501271EABACCC00EA9B7A /* GestureDelegate.swift */ = {isa = PBXFileReference; fileEncoding = 4; lastKnownFileType = sourcecode.swift; path = GestureDelegate.swift; sourceTree = "<group>"; };
		0E1501281EABACCC00EA9B7A /* GestureManager.swift */ = {isa = PBXFileReference; fileEncoding = 4; lastKnownFileType = sourcecode.swift; path = GestureManager.swift; sourceTree = "<group>"; };
		0E1501291EABACCC00EA9B7A /* GestureState.swift */ = {isa = PBXFileReference; fileEncoding = 4; lastKnownFileType = sourcecode.swift; path = GestureState.swift; sourceTree = "<group>"; };
		0E9684711EAB724D00AD52A1 /* Kooci.app */ = {isa = PBXFileReference; explicitFileType = wrapper.application; includeInIndex = 0; path = Kooci.app; sourceTree = BUILT_PRODUCTS_DIR; };
		0E9684741EAB724E00AD52A1 /* AppDelegate.swift */ = {isa = PBXFileReference; lastKnownFileType = sourcecode.swift; path = AppDelegate.swift; sourceTree = "<group>"; };
		0E9684791EAB724E00AD52A1 /* Base */ = {isa = PBXFileReference; lastKnownFileType = file.storyboard; name = Base; path = Base.lproj/Main.storyboard; sourceTree = "<group>"; };
		0E96847B1EAB724E00AD52A1 /* Assets.xcassets */ = {isa = PBXFileReference; lastKnownFileType = folder.assetcatalog; path = Assets.xcassets; sourceTree = "<group>"; };
		0E96847E1EAB724E00AD52A1 /* Base */ = {isa = PBXFileReference; lastKnownFileType = file.storyboard; name = Base; path = Base.lproj/LaunchScreen.storyboard; sourceTree = "<group>"; };
		0E9684801EAB724E00AD52A1 /* Info.plist */ = {isa = PBXFileReference; lastKnownFileType = text.plist.xml; path = Info.plist; sourceTree = "<group>"; };
		0E9684861EAB733400AD52A1 /* MessageBroker.swift */ = {isa = PBXFileReference; fileEncoding = 4; lastKnownFileType = sourcecode.swift; path = MessageBroker.swift; sourceTree = "<group>"; };
		0E9684881EAB734200AD52A1 /* PebbleDeserializable.swift */ = {isa = PBXFileReference; fileEncoding = 4; lastKnownFileType = sourcecode.swift; path = PebbleDeserializable.swift; sourceTree = "<group>"; };
		0E96848B1EAB77D500AD52A1 /* AccelerometerData.swift */ = {isa = PBXFileReference; fileEncoding = 4; lastKnownFileType = sourcecode.swift; path = AccelerometerData.swift; sourceTree = "<group>"; };
		0EE8BF191EAC1FF90069683B /* Recipe.swift */ = {isa = PBXFileReference; fileEncoding = 4; lastKnownFileType = sourcecode.swift; path = Recipe.swift; sourceTree = "<group>"; };
		0EE8BF1A1EAC1FF90069683B /* Step.swift */ = {isa = PBXFileReference; fileEncoding = 4; lastKnownFileType = sourcecode.swift; path = Step.swift; sourceTree = "<group>"; };
		0EE8BF1B1EAC1FF90069683B /* ViewController.swift */ = {isa = PBXFileReference; fileEncoding = 4; lastKnownFileType = sourcecode.swift; path = ViewController.swift; sourceTree = "<group>"; };
		0EE8BF1C1EAC1FF90069683B /* WatsonServices.swift */ = {isa = PBXFileReference; fileEncoding = 4; lastKnownFileType = sourcecode.swift; path = WatsonServices.swift; sourceTree = "<group>"; };
		0EE8BF221EAC21BB0069683B /* Pulsator.framework */ = {isa = PBXFileReference; lastKnownFileType = wrapper.framework; name = Pulsator.framework; path = Carthage/Build/iOS/Pulsator.framework; sourceTree = "<group>"; };
		0EE8BF231EAC21BB0069683B /* RestKit.framework */ = {isa = PBXFileReference; lastKnownFileType = wrapper.framework; name = RestKit.framework; path = Carthage/Build/iOS/RestKit.framework; sourceTree = "<group>"; };
		0EE8BF241EAC21BB0069683B /* SpeechToTextV1.framework */ = {isa = PBXFileReference; lastKnownFileType = wrapper.framework; name = SpeechToTextV1.framework; path = Carthage/Build/iOS/SpeechToTextV1.framework; sourceTree = "<group>"; };
		0EE8BF251EAC21BB0069683B /* TextToSpeechV1.framework */ = {isa = PBXFileReference; lastKnownFileType = wrapper.framework; name = TextToSpeechV1.framework; path = Carthage/Build/iOS/TextToSpeechV1.framework; sourceTree = "<group>"; };
		0EE8BF2B1EAC25670069683B /* PourGestureRecognizer.swift */ = {isa = PBXFileReference; fileEncoding = 4; lastKnownFileType = sourcecode.swift; path = PourGestureRecognizer.swift; sourceTree = "<group>"; };
		0EE8BF2D1EAC258D0069683B /* AddIngredientGestureRecognizer.swift */ = {isa = PBXFileReference; fileEncoding = 4; lastKnownFileType = sourcecode.swift; path = AddIngredientGestureRecognizer.swift; sourceTree = "<group>"; };
		0EE8BF2F1EAC25BA0069683B /* StirringGestureRecognizer.swift */ = {isa = PBXFileReference; fileEncoding = 4; lastKnownFileType = sourcecode.swift; path = StirringGestureRecognizer.swift; sourceTree = "<group>"; };
		1DB25BED1512ABD29FC18604 /* Pods_Kooci.framework */ = {isa = PBXFileReference; explicitFileType = wrapper.framework; includeInIndex = 0; path = Pods_Kooci.framework; sourceTree = BUILT_PRODUCTS_DIR; };
		624EC72CF554CE7EB7286EE7 /* Pods-Kooci.debug.xcconfig */ = {isa = PBXFileReference; includeInIndex = 1; lastKnownFileType = text.xcconfig; name = "Pods-Kooci.debug.xcconfig"; path = "Pods/Target Support Files/Pods-Kooci/Pods-Kooci.debug.xcconfig"; sourceTree = "<group>"; };
		CF72BEE338CEBEB579B7C482 /* Pods-Kooci.release.xcconfig */ = {isa = PBXFileReference; includeInIndex = 1; lastKnownFileType = text.xcconfig; name = "Pods-Kooci.release.xcconfig"; path = "Pods/Target Support Files/Pods-Kooci/Pods-Kooci.release.xcconfig"; sourceTree = "<group>"; };
/* End PBXFileReference section */

/* Begin PBXFrameworksBuildPhase section */
		0E96846E1EAB724D00AD52A1 /* Frameworks */ = {
			isa = PBXFrameworksBuildPhase;
			buildActionMask = 2147483647;
			files = (
				0EE8BF261EAC21BB0069683B /* Pulsator.framework in Frameworks */,
				0EE8BF271EAC21BB0069683B /* RestKit.framework in Frameworks */,
				0EE8BF281EAC21BB0069683B /* SpeechToTextV1.framework in Frameworks */,
				0EE8BF291EAC21BB0069683B /* TextToSpeechV1.framework in Frameworks */,
				AA8D15E20ED82DBDBDAEEDF4 /* Pods_Kooci.framework in Frameworks */,
			);
			runOnlyForDeploymentPostprocessing = 0;
		};
/* End PBXFrameworksBuildPhase section */

/* Begin PBXGroup section */
		0E1501311EABACD600EA9B7A /* Gesture Recognition */ = {
			isa = PBXGroup;
			children = (
				0E1501321EABACFD00EA9B7A /* Gestures */,
				0E96848B1EAB77D500AD52A1 /* AccelerometerData.swift */,
				0E1501271EABACCC00EA9B7A /* GestureDelegate.swift */,
				0E1501281EABACCC00EA9B7A /* GestureManager.swift */,
				0E1501291EABACCC00EA9B7A /* GestureState.swift */,
			);
			name = "Gesture Recognition";
			sourceTree = "<group>";
		};
		0E1501321EABACFD00EA9B7A /* Gestures */ = {
			isa = PBXGroup;
			children = (
				0E1501251EABACCC00EA9B7A /* GestureRecognizer.swift */,
				0EE8BF2B1EAC25670069683B /* PourGestureRecognizer.swift */,
				0EE8BF2D1EAC258D0069683B /* AddIngredientGestureRecognizer.swift */,
				0EE8BF2F1EAC25BA0069683B /* StirringGestureRecognizer.swift */,
			);
			name = Gestures;
			sourceTree = "<group>";
		};
		0E9684681EAB724D00AD52A1 = {
			isa = PBXGroup;
			children = (
				0E9684731EAB724D00AD52A1 /* Kooci */,
				0E9684721EAB724D00AD52A1 /* Products */,
				856D870E475DCA1E3DCF3418 /* Pods */,
				DC5AEC9C802FE00300D37ECD /* Frameworks */,
			);
			sourceTree = "<group>";
		};
		0E9684721EAB724D00AD52A1 /* Products */ = {
			isa = PBXGroup;
			children = (
				0E9684711EAB724D00AD52A1 /* Kooci.app */,
			);
			name = Products;
			sourceTree = "<group>";
		};
		0E9684731EAB724D00AD52A1 /* Kooci */ = {
			isa = PBXGroup;
			children = (
				0E9684741EAB724E00AD52A1 /* AppDelegate.swift */,
				0EE8BF1B1EAC1FF90069683B /* ViewController.swift */,
				0EE8BF191EAC1FF90069683B /* Recipe.swift */,
				0EE8BF1A1EAC1FF90069683B /* Step.swift */,
				0EE8BF211EAC20D80069683B /* Watson */,
				0E1501311EABACD600EA9B7A /* Gesture Recognition */,
				0E96848A1EAB77A200AD52A1 /* Messaging */,
				0E9684781EAB724E00AD52A1 /* Main.storyboard */,
				0E96847B1EAB724E00AD52A1 /* Assets.xcassets */,
				0E96847D1EAB724E00AD52A1 /* LaunchScreen.storyboard */,
				0E9684801EAB724E00AD52A1 /* Info.plist */,
			);
			path = Kooci;
			sourceTree = "<group>";
		};
		0E96848A1EAB77A200AD52A1 /* Messaging */ = {
			isa = PBXGroup;
			children = (
				0E9684861EAB733400AD52A1 /* MessageBroker.swift */,
				0E9684881EAB734200AD52A1 /* PebbleDeserializable.swift */,
			);
			name = Messaging;
			sourceTree = "<group>";
		};
		0EE8BF211EAC20D80069683B /* Watson */ = {
			isa = PBXGroup;
			children = (
				0EE8BF1C1EAC1FF90069683B /* WatsonServices.swift */,
			);
			name = Watson;
			sourceTree = "<group>";
		};
		856D870E475DCA1E3DCF3418 /* Pods */ = {
			isa = PBXGroup;
			children = (
				624EC72CF554CE7EB7286EE7 /* Pods-Kooci.debug.xcconfig */,
				CF72BEE338CEBEB579B7C482 /* Pods-Kooci.release.xcconfig */,
			);
			name = Pods;
			sourceTree = "<group>";
		};
		DC5AEC9C802FE00300D37ECD /* Frameworks */ = {
			isa = PBXGroup;
			children = (
				0EE8BF221EAC21BB0069683B /* Pulsator.framework */,
				0EE8BF231EAC21BB0069683B /* RestKit.framework */,
				0EE8BF241EAC21BB0069683B /* SpeechToTextV1.framework */,
				0EE8BF251EAC21BB0069683B /* TextToSpeechV1.framework */,
				1DB25BED1512ABD29FC18604 /* Pods_Kooci.framework */,
			);
			name = Frameworks;
			sourceTree = "<group>";
		};
/* End PBXGroup section */

/* Begin PBXNativeTarget section */
		0E9684701EAB724D00AD52A1 /* Kooci */ = {
			isa = PBXNativeTarget;
			buildConfigurationList = 0E9684831EAB724E00AD52A1 /* Build configuration list for PBXNativeTarget "Kooci" */;
			buildPhases = (
				ECA16DFBC5A09BB69B746846 /* [CP] Check Pods Manifest.lock */,
				0E96846D1EAB724D00AD52A1 /* Sources */,
				0E96846E1EAB724D00AD52A1 /* Frameworks */,
				0E96846F1EAB724D00AD52A1 /* Resources */,
				B7D66C5E4441F0E24D68B447 /* [CP] Embed Pods Frameworks */,
				CC1DE5ED8DDE0471C84CA581 /* [CP] Copy Pods Resources */,
				0EE8BF2A1EAC21C30069683B /* ShellScript */,
			);
			buildRules = (
			);
			dependencies = (
			);
			name = Kooci;
			productName = Kooci;
			productReference = 0E9684711EAB724D00AD52A1 /* Kooci.app */;
			productType = "com.apple.product-type.application";
		};
/* End PBXNativeTarget section */

/* Begin PBXProject section */
		0E9684691EAB724D00AD52A1 /* Project object */ = {
			isa = PBXProject;
			attributes = {
				LastSwiftUpdateCheck = 0830;
				LastUpgradeCheck = 0830;
				ORGANIZATIONNAME = "Mathias Quintero";
				TargetAttributes = {
					0E9684701EAB724D00AD52A1 = {
						CreatedOnToolsVersion = 8.3.2;
						DevelopmentTeam = KJPP698PR3;
						ProvisioningStyle = Automatic;
					};
				};
			};
			buildConfigurationList = 0E96846C1EAB724D00AD52A1 /* Build configuration list for PBXProject "Kooci" */;
			compatibilityVersion = "Xcode 3.2";
			developmentRegion = English;
			hasScannedForEncodings = 0;
			knownRegions = (
				en,
				Base,
			);
			mainGroup = 0E9684681EAB724D00AD52A1;
			productRefGroup = 0E9684721EAB724D00AD52A1 /* Products */;
			projectDirPath = "";
			projectRoot = "";
			targets = (
				0E9684701EAB724D00AD52A1 /* Kooci */,
			);
		};
/* End PBXProject section */

/* Begin PBXResourcesBuildPhase section */
		0E96846F1EAB724D00AD52A1 /* Resources */ = {
			isa = PBXResourcesBuildPhase;
			buildActionMask = 2147483647;
			files = (
				0E96847F1EAB724E00AD52A1 /* LaunchScreen.storyboard in Resources */,
				0E96847C1EAB724E00AD52A1 /* Assets.xcassets in Resources */,
				0E96847A1EAB724E00AD52A1 /* Main.storyboard in Resources */,
			);
			runOnlyForDeploymentPostprocessing = 0;
		};
/* End PBXResourcesBuildPhase section */

/* Begin PBXShellScriptBuildPhase section */
		0EE8BF2A1EAC21C30069683B /* ShellScript */ = {
			isa = PBXShellScriptBuildPhase;
			buildActionMask = 2147483647;
			files = (
			);
			inputPaths = (
				"$(SRCROOT)/Carthage/Build/iOS/Pulsator.framework",
				"$(SRCROOT)/Carthage/Build/iOS/TextToSpeechV1.framework",
				"$(SRCROOT)/Carthage/Build/iOS/SpeechToTextV1.framework",
				"$(SRCROOT)/Carthage/Build/iOS/RestKit.framework",
			);
			outputPaths = (
			);
			runOnlyForDeploymentPostprocessing = 0;
			shellPath = /bin/sh;
			shellScript = "/usr/local/bin/carthage copy-frameworks";
		};
		B7D66C5E4441F0E24D68B447 /* [CP] Embed Pods Frameworks */ = {
			isa = PBXShellScriptBuildPhase;
			buildActionMask = 2147483647;
			files = (
			);
			inputPaths = (
			);
			name = "[CP] Embed Pods Frameworks";
			outputPaths = (
			);
			runOnlyForDeploymentPostprocessing = 0;
			shellPath = /bin/sh;
			shellScript = "\"${SRCROOT}/Pods/Target Support Files/Pods-Kooci/Pods-Kooci-frameworks.sh\"\n";
			showEnvVarsInLog = 0;
		};
		CC1DE5ED8DDE0471C84CA581 /* [CP] Copy Pods Resources */ = {
			isa = PBXShellScriptBuildPhase;
			buildActionMask = 2147483647;
			files = (
			);
			inputPaths = (
			);
			name = "[CP] Copy Pods Resources";
			outputPaths = (
			);
			runOnlyForDeploymentPostprocessing = 0;
			shellPath = /bin/sh;
			shellScript = "\"${SRCROOT}/Pods/Target Support Files/Pods-Kooci/Pods-Kooci-resources.sh\"\n";
			showEnvVarsInLog = 0;
		};
		ECA16DFBC5A09BB69B746846 /* [CP] Check Pods Manifest.lock */ = {
			isa = PBXShellScriptBuildPhase;
			buildActionMask = 2147483647;
			files = (
			);
			inputPaths = (
			);
			name = "[CP] Check Pods Manifest.lock";
			outputPaths = (
			);
			runOnlyForDeploymentPostprocessing = 0;
			shellPath = /bin/sh;
			shellScript = "diff \"${PODS_ROOT}/../Podfile.lock\" \"${PODS_ROOT}/Manifest.lock\" > /dev/null\nif [ $? != 0 ] ; then\n    # print error to STDERR\n    echo \"error: The sandbox is not in sync with the Podfile.lock. Run 'pod install' or update your CocoaPods installation.\" >&2\n    exit 1\nfi\n";
			showEnvVarsInLog = 0;
		};
/* End PBXShellScriptBuildPhase section */

/* Begin PBXSourcesBuildPhase section */
		0E96846D1EAB724D00AD52A1 /* Sources */ = {
			isa = PBXSourcesBuildPhase;
			buildActionMask = 2147483647;
			files = (
				0E96848C1EAB77D500AD52A1 /* AccelerometerData.swift in Sources */,
				0EE8BF1E1EAC1FF90069683B /* Step.swift in Sources */,
				0EE8BF201EAC1FF90069683B /* WatsonServices.swift in Sources */,
				0E15012D1EABACCC00EA9B7A /* GestureDelegate.swift in Sources */,
				0E9684751EAB724E00AD52A1 /* AppDelegate.swift in Sources */,
				0E15012B1EABACCC00EA9B7A /* GestureRecognizer.swift in Sources */,
				0EE8BF2E1EAC258D0069683B /* AddIngredientGestureRecognizer.swift in Sources */,
				0E9684871EAB733400AD52A1 /* MessageBroker.swift in Sources */,
				0EE8BF1D1EAC1FF90069683B /* Recipe.swift in Sources */,
				0E15012F1EABACCC00EA9B7A /* GestureState.swift in Sources */,
				0E15012E1EABACCC00EA9B7A /* GestureManager.swift in Sources */,
				0EE8BF2C1EAC25670069683B /* PourGestureRecognizer.swift in Sources */,
				0EE8BF1F1EAC1FF90069683B /* ViewController.swift in Sources */,
				0EE8BF301EAC25BA0069683B /* StirringGestureRecognizer.swift in Sources */,
				0E9684891EAB734200AD52A1 /* PebbleDeserializable.swift in Sources */,
			);
			runOnlyForDeploymentPostprocessing = 0;
		};
/* End PBXSourcesBuildPhase section */

/* Begin PBXVariantGroup section */
		0E9684781EAB724E00AD52A1 /* Main.storyboard */ = {
			isa = PBXVariantGroup;
			children = (
				0E9684791EAB724E00AD52A1 /* Base */,
			);
			name = Main.storyboard;
			sourceTree = "<group>";
		};
		0E96847D1EAB724E00AD52A1 /* LaunchScreen.storyboard */ = {
			isa = PBXVariantGroup;
			children = (
				0E96847E1EAB724E00AD52A1 /* Base */,
			);
			name = LaunchScreen.storyboard;
			sourceTree = "<group>";
		};
/* End PBXVariantGroup section */

/* Begin XCBuildConfiguration section */
		0E9684811EAB724E00AD52A1 /* Debug */ = {
			isa = XCBuildConfiguration;
			buildSettings = {
				ALWAYS_SEARCH_USER_PATHS = NO;
				CLANG_ANALYZER_NONNULL = YES;
				CLANG_ANALYZER_NUMBER_OBJECT_CONVERSION = YES_AGGRESSIVE;
				CLANG_CXX_LANGUAGE_STANDARD = "gnu++0x";
				CLANG_CXX_LIBRARY = "libc++";
				CLANG_ENABLE_MODULES = YES;
				CLANG_ENABLE_OBJC_ARC = YES;
				CLANG_WARN_BOOL_CONVERSION = YES;
				CLANG_WARN_CONSTANT_CONVERSION = YES;
				CLANG_WARN_DIRECT_OBJC_ISA_USAGE = YES_ERROR;
				CLANG_WARN_DOCUMENTATION_COMMENTS = YES;
				CLANG_WARN_EMPTY_BODY = YES;
				CLANG_WARN_ENUM_CONVERSION = YES;
				CLANG_WARN_INFINITE_RECURSION = YES;
				CLANG_WARN_INT_CONVERSION = YES;
				CLANG_WARN_OBJC_ROOT_CLASS = YES_ERROR;
				CLANG_WARN_SUSPICIOUS_MOVE = YES;
				CLANG_WARN_UNREACHABLE_CODE = YES;
				CLANG_WARN__DUPLICATE_METHOD_MATCH = YES;
				"CODE_SIGN_IDENTITY[sdk=iphoneos*]" = "iPhone Developer";
				COPY_PHASE_STRIP = NO;
				DEBUG_INFORMATION_FORMAT = dwarf;
				ENABLE_STRICT_OBJC_MSGSEND = YES;
				ENABLE_TESTABILITY = YES;
				GCC_C_LANGUAGE_STANDARD = gnu99;
				GCC_DYNAMIC_NO_PIC = NO;
				GCC_NO_COMMON_BLOCKS = YES;
				GCC_OPTIMIZATION_LEVEL = 0;
				GCC_PREPROCESSOR_DEFINITIONS = (
					"DEBUG=1",
					"$(inherited)",
				);
				GCC_WARN_64_TO_32_BIT_CONVERSION = YES;
				GCC_WARN_ABOUT_RETURN_TYPE = YES_ERROR;
				GCC_WARN_UNDECLARED_SELECTOR = YES;
				GCC_WARN_UNINITIALIZED_AUTOS = YES_AGGRESSIVE;
				GCC_WARN_UNUSED_FUNCTION = YES;
				GCC_WARN_UNUSED_VARIABLE = YES;
				IPHONEOS_DEPLOYMENT_TARGET = 10.3;
				MTL_ENABLE_DEBUG_INFO = YES;
				ONLY_ACTIVE_ARCH = YES;
				SDKROOT = iphoneos;
				SWIFT_ACTIVE_COMPILATION_CONDITIONS = DEBUG;
				SWIFT_OPTIMIZATION_LEVEL = "-Onone";
				TARGETED_DEVICE_FAMILY = "1,2";
			};
			name = Debug;
		};
		0E9684821EAB724E00AD52A1 /* Release */ = {
			isa = XCBuildConfiguration;
			buildSettings = {
				ALWAYS_SEARCH_USER_PATHS = NO;
				CLANG_ANALYZER_NONNULL = YES;
				CLANG_ANALYZER_NUMBER_OBJECT_CONVERSION = YES_AGGRESSIVE;
				CLANG_CXX_LANGUAGE_STANDARD = "gnu++0x";
				CLANG_CXX_LIBRARY = "libc++";
				CLANG_ENABLE_MODULES = YES;
				CLANG_ENABLE_OBJC_ARC = YES;
				CLANG_WARN_BOOL_CONVERSION = YES;
				CLANG_WARN_CONSTANT_CONVERSION = YES;
				CLANG_WARN_DIRECT_OBJC_ISA_USAGE = YES_ERROR;
				CLANG_WARN_DOCUMENTATION_COMMENTS = YES;
				CLANG_WARN_EMPTY_BODY = YES;
				CLANG_WARN_ENUM_CONVERSION = YES;
				CLANG_WARN_INFINITE_RECURSION = YES;
				CLANG_WARN_INT_CONVERSION = YES;
				CLANG_WARN_OBJC_ROOT_CLASS = YES_ERROR;
				CLANG_WARN_SUSPICIOUS_MOVE = YES;
				CLANG_WARN_UNREACHABLE_CODE = YES;
				CLANG_WARN__DUPLICATE_METHOD_MATCH = YES;
				"CODE_SIGN_IDENTITY[sdk=iphoneos*]" = "iPhone Developer";
				COPY_PHASE_STRIP = NO;
				DEBUG_INFORMATION_FORMAT = "dwarf-with-dsym";
				ENABLE_NS_ASSERTIONS = NO;
				ENABLE_STRICT_OBJC_MSGSEND = YES;
				GCC_C_LANGUAGE_STANDARD = gnu99;
				GCC_NO_COMMON_BLOCKS = YES;
				GCC_WARN_64_TO_32_BIT_CONVERSION = YES;
				GCC_WARN_ABOUT_RETURN_TYPE = YES_ERROR;
				GCC_WARN_UNDECLARED_SELECTOR = YES;
				GCC_WARN_UNINITIALIZED_AUTOS = YES_AGGRESSIVE;
				GCC_WARN_UNUSED_FUNCTION = YES;
				GCC_WARN_UNUSED_VARIABLE = YES;
				IPHONEOS_DEPLOYMENT_TARGET = 10.3;
				MTL_ENABLE_DEBUG_INFO = NO;
				SDKROOT = iphoneos;
				SWIFT_OPTIMIZATION_LEVEL = "-Owholemodule";
				TARGETED_DEVICE_FAMILY = "1,2";
				VALIDATE_PRODUCT = YES;
			};
			name = Release;
		};
		0E9684841EAB724E00AD52A1 /* Debug */ = {
			isa = XCBuildConfiguration;
			baseConfigurationReference = 624EC72CF554CE7EB7286EE7 /* Pods-Kooci.debug.xcconfig */;
			buildSettings = {
				ASSETCATALOG_COMPILER_APPICON_NAME = AppIcon;
				DEVELOPMENT_TEAM = KJPP698PR3;
				FRAMEWORK_SEARCH_PATHS = (
					"$(inherited)",
					"$(PROJECT_DIR)/Carthage/Build/iOS",
				);
				INFOPLIST_FILE = Kooci/Info.plist;
				LD_RUNPATH_SEARCH_PATHS = "$(inherited) @executable_path/Frameworks";
				PRODUCT_BUNDLE_IDENTIFIER = io.quintero.Kooci;
				PRODUCT_NAME = "$(TARGET_NAME)";
				SWIFT_VERSION = 3.0;
			};
			name = Debug;
		};
		0E9684851EAB724E00AD52A1 /* Release */ = {
			isa = XCBuildConfiguration;
			baseConfigurationReference = CF72BEE338CEBEB579B7C482 /* Pods-Kooci.release.xcconfig */;
			buildSettings = {
				ASSETCATALOG_COMPILER_APPICON_NAME = AppIcon;
				DEVELOPMENT_TEAM = KJPP698PR3;
				FRAMEWORK_SEARCH_PATHS = (
					"$(inherited)",
					"$(PROJECT_DIR)/Carthage/Build/iOS",
				);
				INFOPLIST_FILE = Kooci/Info.plist;
				LD_RUNPATH_SEARCH_PATHS = "$(inherited) @executable_path/Frameworks";
				PRODUCT_BUNDLE_IDENTIFIER = io.quintero.Kooci;
				PRODUCT_NAME = "$(TARGET_NAME)";
				SWIFT_VERSION = 3.0;
			};
			name = Release;
		};
/* End XCBuildConfiguration section */

/* Begin XCConfigurationList section */
		0E96846C1EAB724D00AD52A1 /* Build configuration list for PBXProject "Kooci" */ = {
			isa = XCConfigurationList;
			buildConfigurations = (
				0E9684811EAB724E00AD52A1 /* Debug */,
				0E9684821EAB724E00AD52A1 /* Release */,
			);
			defaultConfigurationIsVisible = 0;
			defaultConfigurationName = Release;
		};
		0E9684831EAB724E00AD52A1 /* Build configuration list for PBXNativeTarget "Kooci" */ = {
			isa = XCConfigurationList;
			buildConfigurations = (
				0E9684841EAB724E00AD52A1 /* Debug */,
				0E9684851EAB724E00AD52A1 /* Release */,
			);
			defaultConfigurationIsVisible = 0;
			defaultConfigurationName = Release;
		};
/* End XCConfigurationList section */
	};
	rootObject = 0E9684691EAB724D00AD52A1 /* Project object */;
}
