PODS:
  - Bayes (0.0.1)
  - PebbleKit (4.0.0)

DEPENDENCIES:
  - Bayes (from `https://github.com/fcanas/Bayes.git`)
  - PebbleKit

EXTERNAL SOURCES:
  Bayes:
    :git: https://github.com/fcanas/Bayes.git

CHECKOUT OPTIONS:
  Bayes:
    :commit: bbf8d56a6b0f4bb963ef5aaf5c8ee954135141c1
    :git: https://github.com/fcanas/Bayes.git

SPEC CHECKSUMS:
  Bayes: 7b436c0045de7d9e5e60bd37cf85c65a6ac82837
  PebbleKit: 4af7a5f57522cbd371f1798e6dd80bd21ac9d46f

PODFILE CHECKSUM: 243e2e232fe07215fe327b5bbdb5a37f6b17b73d

COCOAPODS: 1.2.1
